
Microsoft Visual Studio Solution File, Format Version 12.00
# Visual Studio 15
VisualStudioVersion = 15.0.28307.329
MinimumVisualStudioVersion = 10.0.40219.1
Project("{FAE04EC0-301F-11D3-BF4B-00C04F79EFBC}") = "MVCProjectt", "MVCProjectt\MVCProjectt.csproj", "{23B2063F-7502-4A4F-9D72-609831992890}"
EndProject
Project("{E53339B2-1760-4266-BCC7-CA923CBCF16C}") = "docker-compose", "docker-compose.dcproj", "{D01CBE36-1E81-40EF-B5A7-9A93BE2FF947}"
EndProject
Global
	GlobalSection(SolutionConfigurationPlatforms) = preSolution
		Debug|Any CPU = Debug|Any CPU
		Release|Any CPU = Release|Any CPU
	EndGlobalSection
	GlobalSection(ProjectConfigurationPlatforms) = postSolution
		{23B2063F-7502-4A4F-9D72-609831992890}.Debug|Any CPU.ActiveCfg = Debug|Any CPU
		{23B2063F-7502-4A4F-9D72-609831992890}.Debug|Any CPU.Build.0 = Debug|Any CPU
		{23B2063F-7502-4A4F-9D72-609831992890}.Debug|Any CPU.Deploy.0 = Debug|Any CPU
		{23B2063F-7502-4A4F-9D72-609831992890}.Release|Any CPU.ActiveCfg = Release|Any CPU
		{23B2063F-7502-4A4F-9D72-609831992890}.Release|Any CPU.Build.0 = Release|Any CPU
		{D01CBE36-1E81-40EF-B5A7-9A93BE2FF947}.Debug|Any CPU.ActiveCfg = Debug|Any CPU
		{D01CBE36-1E81-40EF-B5A7-9A93BE2FF947}.Debug|Any CPU.Build.0 = Debug|Any CPU
		{D01CBE36-1E81-40EF-B5A7-9A93BE2FF947}.Release|Any CPU.ActiveCfg = Release|Any CPU
		{D01CBE36-1E81-40EF-B5A7-9A93BE2FF947}.Release|Any CPU.Build.0 = Release|Any CPU
	EndGlobalSection
	GlobalSection(SolutionProperties) = preSolution
		HideSolutionNode = FALSE
	EndGlobalSection
	GlobalSection(ExtensibilityGlobals) = postSolution
		SolutionGuid = {09D3FCBB-7169-48CA-8BB5-4B676445FB00}
	EndGlobalSection
EndGlobal
